
Microsoft Visual Studio Solution File, Format Version 12.00
# Visual Studio Version 17
VisualStudioVersion = 17.9.34723.18
MinimumVisualStudioVersion = 10.0.40219.1
Project("{54A90642-561A-4BB1-A94E-469ADEE60C69}") = "MPP_Higgins_LR1", "MPP_Higgins_LR1\MPP_Higgins_LR1.esproj", "{02DEF1C2-82E0-4A95-8FEE-2457D321FBB5}"
EndProject
Global
	GlobalSection(SolutionConfigurationPlatforms) = preSolution
		Debug|Any CPU = Debug|Any CPU
		Release|Any CPU = Release|Any CPU
	EndGlobalSection
	GlobalSection(ProjectConfigurationPlatforms) = postSolution
		{02DEF1C2-82E0-4A95-8FEE-2457D321FBB5}.Debug|Any CPU.ActiveCfg = Debug|Any CPU
		{02DEF1C2-82E0-4A95-8FEE-2457D321FBB5}.Debug|Any CPU.Build.0 = Debug|Any CPU
		{02DEF1C2-82E0-4A95-8FEE-2457D321FBB5}.Debug|Any CPU.Deploy.0 = Debug|Any CPU
		{02DEF1C2-82E0-4A95-8FEE-2457D321FBB5}.Release|Any CPU.ActiveCfg = Release|Any CPU
		{02DEF1C2-82E0-4A95-8FEE-2457D321FBB5}.Release|Any CPU.Build.0 = Release|Any CPU
		{02DEF1C2-82E0-4A95-8FEE-2457D321FBB5}.Release|Any CPU.Deploy.0 = Release|Any CPU
	EndGlobalSection
	GlobalSection(SolutionProperties) = preSolution
		HideSolutionNode = FALSE
	EndGlobalSection
	GlobalSection(ExtensibilityGlobals) = postSolution
		SolutionGuid = {CE194D18-0FE5-4111-90E4-03CB364B034C}
	EndGlobalSection
EndGlobal
